
Microsoft Visual Studio Solution File, Format Version 11.00
# Visual Studio 2010
Project("{FAE04EC0-301F-11D3-BF4B-00C04F79EFBC}") = "First Person Survival Shooter", "Assembly-CSharp.csproj", "{E1562935-96DF-FF9D-6B27-96F76DD87C1D}"
EndProject
Project("{FAE04EC0-301F-11D3-BF4B-00C04F79EFBC}") = "First Person Survival Shooter", "Assembly-CSharp-Editor.csproj", "{20DC3774-7740-B0B4-D0B5-C74494287CC1}"
EndProject
Global
	GlobalSection(SolutionConfigurationPlatforms) = preSolution
		Debug|Any CPU = Debug|Any CPU
		Release|Any CPU = Release|Any CPU
	EndGlobalSection
	GlobalSection(ProjectConfigurationPlatforms) = postSolution
		{E1562935-96DF-FF9D-6B27-96F76DD87C1D}.Debug|Any CPU.ActiveCfg = Debug|Any CPU
		{E1562935-96DF-FF9D-6B27-96F76DD87C1D}.Debug|Any CPU.Build.0 = Debug|Any CPU
		{E1562935-96DF-FF9D-6B27-96F76DD87C1D}.Release|Any CPU.ActiveCfg = Release|Any CPU
		{E1562935-96DF-FF9D-6B27-96F76DD87C1D}.Release|Any CPU.Build.0 = Release|Any CPU
		{20DC3774-7740-B0B4-D0B5-C74494287CC1}.Debug|Any CPU.ActiveCfg = Debug|Any CPU
		{20DC3774-7740-B0B4-D0B5-C74494287CC1}.Debug|Any CPU.Build.0 = Debug|Any CPU
		{20DC3774-7740-B0B4-D0B5-C74494287CC1}.Release|Any CPU.ActiveCfg = Release|Any CPU
		{20DC3774-7740-B0B4-D0B5-C74494287CC1}.Release|Any CPU.Build.0 = Release|Any CPU
	EndGlobalSection
	GlobalSection(SolutionProperties) = preSolution
		HideSolutionNode = FALSE
	EndGlobalSection
	GlobalSection(MonoDevelopProperties) = preSolution
		StartupItem = Assembly-CSharp.csproj
	EndGlobalSection
EndGlobal
